{
  "name": "insomnia-plugin-remoteit",
  "version": "1.0.2",
  "lockfileVersion": 2,
  "requires": true,
  "packages": {
    "": {
      "name": "insomnia-plugin-remoteit",
      "version": "1.0.2",
      "license": "MIT",
      "dependencies": {
        "http-message-signatures": "^1.0.0",
        "ini": "^4.1.1"
      }
    },
    "node_modules/http-message-signatures": {
      "version": "1.0.0",
      "resolved": "https://registry.npmjs.org/http-message-signatures/-/http-message-signatures-1.0.0.tgz",
      "integrity": "sha512-bBuFle0wXHbxBeBwf4Lzqi5Lm3B5MY55k5zEZ/4ixkUhZLp3AIgbsEbq1QwNlN3MmSpR2m7utg3IZc1MZMwK4A==",
      "dependencies": {
        "structured-headers": "^0.5.0"
      }
    },
    "node_modules/ini": {
      "version": "4.1.1",
      "resolved": "https://registry.npmjs.org/ini/-/ini-4.1.1.tgz",
      "integrity": "sha512-QQnnxNyfvmHFIsj7gkPcYymR8Jdw/o7mp5ZFihxn6h8Ci6fh3Dx4E1gPjpQEpIuPo9XVNY/ZUwh4BPMjGyL01g==",
      "engines": {
        "node": "^14.17.0 || ^16.13.0 || >=18.0.0"
      }
    },
    "node_modules/structured-headers": {
      "version": "0.5.0",
      "resolved": "https://registry.npmjs.org/structured-headers/-/structured-headers-0.5.0.tgz",
      "integrity": "sha512-oLnmXSsjhud+LxRJpvokwP8ImEB2wTg8sg30buwfVViKMuluTv3BlOJHUX9VW9pJ2nQOxmx87Z0kB86O4cphag=="
    }
  },
  "dependencies": {
    "http-message-signatures": {
      "version": "1.0.0",
      "resolved": "https://registry.npmjs.org/http-message-signatures/-/http-message-signatures-1.0.0.tgz",
      "integrity": "sha512-bBuFle0wXHbxBeBwf4Lzqi5Lm3B5MY55k5zEZ/4ixkUhZLp3AIgbsEbq1QwNlN3MmSpR2m7utg3IZc1MZMwK4A==",
      "requires": {
        "structured-headers": "^0.5.0"
      }
    },
    "ini": {
      "version": "4.1.1",
      "resolved": "https://registry.npmjs.org/ini/-/ini-4.1.1.tgz",
      "integrity": "sha512-QQnnxNyfvmHFIsj7gkPcYymR8Jdw/o7mp5ZFihxn6h8Ci6fh3Dx4E1gPjpQEpIuPo9XVNY/ZUwh4BPMjGyL01g=="
    },
    "structured-headers": {
      "version": "0.5.0",
      "resolved": "https://registry.npmjs.org/structured-headers/-/structured-headers-0.5.0.tgz",
      "integrity": "sha512-oLnmXSsjhud+LxRJpvokwP8ImEB2wTg8sg30buwfVViKMuluTv3BlOJHUX9VW9pJ2nQOxmx87Z0kB86O4cphag=="
    }
  }
}
