{
  "name": "insomnia-plugin-remoteit",
  "version": "1.1.1",
  "lockfileVersion": 2,
  "requires": true,
  "packages": {
    "": {
      "name": "insomnia-plugin-remoteit",
      "version": "1.1.1",
      "license": "MIT",
      "dependencies": {
        "http-message-signatures": "^1.0.6",
        "ini": "^6.0.0"
      }
    },
    "node_modules/http-message-signatures": {
      "version": "1.0.6",
      "resolved": "https://registry.npmjs.org/http-message-signatures/-/http-message-signatures-1.0.6.tgz",
      "integrity": "sha512-mGaW/gs0WyP1X4wcc0iHguoDuv/LGyGLbvn8NWgbSdR+opFXKncrNiwQO8bN5rZ5j0z9HrwrRj33CzIK5dhGXA==",
      "license": "ISC",
      "dependencies": {
        "structured-headers": "^2.0.2"
      }
    },
    "node_modules/ini": {
      "version": "6.0.0",
      "resolved": "https://registry.npmjs.org/ini/-/ini-6.0.0.tgz",
      "integrity": "sha512-IBTdIkzZNOpqm7q3dRqJvMaldXjDHWkEDfrwGEQTs5eaQMWV+djAhR+wahyNNMAa+qpbDUhBMVt4ZKNwpPm7xQ==",
      "license": "ISC",
      "engines": {
        "node": "^20.17.0 || >=22.9.0"
      }
    },
    "node_modules/structured-headers": {
      "version": "2.0.3",
      "resolved": "https://registry.npmjs.org/structured-headers/-/structured-headers-2.0.3.tgz",
      "integrity": "sha512-4g5yxhlDMClRwCcfKfLeS7Z8yAVdOWGDADwm80Poh1iReU2KVKLGBlqwpHWJ2qovq0+ZIf1atAEO1eua2o9Rgg==",
      "license": "MIT",
      "engines": {
        "node": ">=18",
        "npm": ">=6"
      }
    }
  },
  "dependencies": {
    "http-message-signatures": {
      "version": "1.0.6",
      "resolved": "https://registry.npmjs.org/http-message-signatures/-/http-message-signatures-1.0.6.tgz",
      "integrity": "sha512-mGaW/gs0WyP1X4wcc0iHguoDuv/LGyGLbvn8NWgbSdR+opFXKncrNiwQO8bN5rZ5j0z9HrwrRj33CzIK5dhGXA==",
      "requires": {
        "structured-headers": "^2.0.2"
      }
    },
    "ini": {
      "version": "6.0.0",
      "resolved": "https://registry.npmjs.org/ini/-/ini-6.0.0.tgz",
      "integrity": "sha512-IBTdIkzZNOpqm7q3dRqJvMaldXjDHWkEDfrwGEQTs5eaQMWV+djAhR+wahyNNMAa+qpbDUhBMVt4ZKNwpPm7xQ=="
    },
    "structured-headers": {
      "version": "2.0.3",
      "resolved": "https://registry.npmjs.org/structured-headers/-/structured-headers-2.0.3.tgz",
      "integrity": "sha512-4g5yxhlDMClRwCcfKfLeS7Z8yAVdOWGDADwm80Poh1iReU2KVKLGBlqwpHWJ2qovq0+ZIf1atAEO1eua2o9Rgg=="
    }
  }
}
